// !$*UTF8*$!
{
	archiveVersion = 1;
	classes = {
	};
	objectVersion = 46;
	objects = {

/* Begin PBXBuildFile section */
		B133C6A71E9946D6007E99A0 /* AppDelegate.swift in Sources */ = {isa = PBXBuildFile; fileRef = B133C6A61E9946D6007E99A0 /* AppDelegate.swift */; };
		B133C6A91E9946D6007E99A0 /* ViewController.swift in Sources */ = {isa = PBXBuildFile; fileRef = B133C6A81E9946D6007E99A0 /* ViewController.swift */; };
		B133C6AC1E9946D6007E99A0 /* Main.storyboard in Resources */ = {isa = PBXBuildFile; fileRef = B133C6AA1E9946D6007E99A0 /* Main.storyboard */; };
		B133C6AF1E9946D6007E99A0 /* EjemploCoreData.xcdatamodeld in Sources */ = {isa = PBXBuildFile; fileRef = B133C6AD1E9946D6007E99A0 /* EjemploCoreData.xcdatamodeld */; };
		B133C6B11E9946D6007E99A0 /* Assets.xcassets in Resources */ = {isa = PBXBuildFile; fileRef = B133C6B01E9946D6007E99A0 /* Assets.xcassets */; };
		B133C6B41E9946D6007E99A0 /* LaunchScreen.storyboard in Resources */ = {isa = PBXBuildFile; fileRef = B133C6B21E9946D6007E99A0 /* LaunchScreen.storyboard */; };
		B133C6BC1E994BFA007E99A0 /* VistaDetalleViewController.swift in Sources */ = {isa = PBXBuildFile; fileRef = B133C6BB1E994BFA007E99A0 /* VistaDetalleViewController.swift */; };
		B133C6BF1E99505E007E99A0 /* Persona+CoreDataClass.swift in Sources */ = {isa = PBXBuildFile; fileRef = B133C6BD1E99505E007E99A0 /* Persona+CoreDataClass.swift */; };
		B133C6C01E99505E007E99A0 /* Persona+CoreDataProperties.swift in Sources */ = {isa = PBXBuildFile; fileRef = B133C6BE1E99505E007E99A0 /* Persona+CoreDataProperties.swift */; };
/* End PBXBuildFile section */

/* Begin PBXFileReference section */
		B133C6A31E9946D6007E99A0 /* EjemploCoreData.app */ = {isa = PBXFileReference; explicitFileType = wrapper.application; includeInIndex = 0; path = EjemploCoreData.app; sourceTree = BUILT_PRODUCTS_DIR; };
		B133C6A61E9946D6007E99A0 /* AppDelegate.swift */ = {isa = PBXFileReference; lastKnownFileType = sourcecode.swift; path = AppDelegate.swift; sourceTree = "<group>"; };
		B133C6A81E9946D6007E99A0 /* ViewController.swift */ = {isa = PBXFileReference; lastKnownFileType = sourcecode.swift; path = ViewController.swift; sourceTree = "<group>"; };
		B133C6AB1E9946D6007E99A0 /* Base */ = {isa = PBXFileReference; lastKnownFileType = file.storyboard; name = Base; path = Base.lproj/Main.storyboard; sourceTree = "<group>"; };
		B133C6AE1E9946D6007E99A0 /* EjemploCoreData.xcdatamodel */ = {isa = PBXFileReference; lastKnownFileType = wrapper.xcdatamodel; path = EjemploCoreData.xcdatamodel; sourceTree = "<group>"; };
		B133C6B01E9946D6007E99A0 /* Assets.xcassets */ = {isa = PBXFileReference; lastKnownFileType = folder.assetcatalog; path = Assets.xcassets; sourceTree = "<group>"; };
		B133C6B31E9946D6007E99A0 /* Base */ = {isa = PBXFileReference; lastKnownFileType = file.storyboard; name = Base; path = Base.lproj/LaunchScreen.storyboard; sourceTree = "<group>"; };
		B133C6B51E9946D6007E99A0 /* Info.plist */ = {isa = PBXFileReference; lastKnownFileType = text.plist.xml; path = Info.plist; sourceTree = "<group>"; };
		B133C6BB1E994BFA007E99A0 /* VistaDetalleViewController.swift */ = {isa = PBXFileReference; fileEncoding = 4; lastKnownFileType = sourcecode.swift; path = VistaDetalleViewController.swift; sourceTree = "<group>"; };
		B133C6BD1E99505E007E99A0 /* Persona+CoreDataClass.swift */ = {isa = PBXFileReference; fileEncoding = 4; lastKnownFileType = sourcecode.swift; path = "Persona+CoreDataClass.swift"; sourceTree = "<group>"; };
		B133C6BE1E99505E007E99A0 /* Persona+CoreDataProperties.swift */ = {isa = PBXFileReference; fileEncoding = 4; lastKnownFileType = sourcecode.swift; path = "Persona+CoreDataProperties.swift"; sourceTree = "<group>"; };
/* End PBXFileReference section */

/* Begin PBXFrameworksBuildPhase section */
		B133C6A01E9946D6007E99A0 /* Frameworks */ = {
			isa = PBXFrameworksBuildPhase;
			buildActionMask = 2147483647;
			files = (
			);
			runOnlyForDeploymentPostprocessing = 0;
		};
/* End PBXFrameworksBuildPhase section */

/* Begin PBXGroup section */
		B133C69A1E9946D6007E99A0 = {
			isa = PBXGroup;
			children = (
				B133C6A51E9946D6007E99A0 /* EjemploCoreData */,
				B133C6A41E9946D6007E99A0 /* Products */,
			);
			sourceTree = "<group>";
		};
		B133C6A41E9946D6007E99A0 /* Products */ = {
			isa = PBXGroup;
			children = (
				B133C6A31E9946D6007E99A0 /* EjemploCoreData.app */,
			);
			name = Products;
			sourceTree = "<group>";
		};
		B133C6A51E9946D6007E99A0 /* EjemploCoreData */ = {
			isa = PBXGroup;
			children = (
				B133C6A81E9946D6007E99A0 /* ViewController.swift */,
				B133C6BB1E994BFA007E99A0 /* VistaDetalleViewController.swift */,
				B133C6AA1E9946D6007E99A0 /* Main.storyboard */,
				B133C6AD1E9946D6007E99A0 /* EjemploCoreData.xcdatamodeld */,
				B133C6C11E995067007E99A0 /* Core Data */,
				B133C6C21E995082007E99A0 /* Supporting Files */,
			);
			path = EjemploCoreData;
			sourceTree = "<group>";
		};
		B133C6C11E995067007E99A0 /* Core Data */ = {
			isa = PBXGroup;
			children = (
				B133C6BD1E99505E007E99A0 /* Persona+CoreDataClass.swift */,
				B133C6BE1E99505E007E99A0 /* Persona+CoreDataProperties.swift */,
			);
			name = "Core Data";
			path = ..;
			sourceTree = "<group>";
		};
		B133C6C21E995082007E99A0 /* Supporting Files */ = {
			isa = PBXGroup;
			children = (
				B133C6A61E9946D6007E99A0 /* AppDelegate.swift */,
				B133C6B01E9946D6007E99A0 /* Assets.xcassets */,
				B133C6B21E9946D6007E99A0 /* LaunchScreen.storyboard */,
				B133C6B51E9946D6007E99A0 /* Info.plist */,
			);
			name = "Supporting Files";
			sourceTree = "<group>";
		};
/* End PBXGroup section */

/* Begin PBXNativeTarget section */
		B133C6A21E9946D6007E99A0 /* EjemploCoreData */ = {
			isa = PBXNativeTarget;
			buildConfigurationList = B133C6B81E9946D6007E99A0 /* Build configuration list for PBXNativeTarget "EjemploCoreData" */;
			buildPhases = (
				B133C69F1E9946D6007E99A0 /* Sources */,
				B133C6A01E9946D6007E99A0 /* Frameworks */,
				B133C6A11E9946D6007E99A0 /* Resources */,
			);
			buildRules = (
			);
			dependencies = (
			);
			name = EjemploCoreData;
			productName = EjemploCoreData;
			productReference = B133C6A31E9946D6007E99A0 /* EjemploCoreData.app */;
			productType = "com.apple.product-type.application";
		};
/* End PBXNativeTarget section */

/* Begin PBXProject section */
		B133C69B1E9946D6007E99A0 /* Project object */ = {
			isa = PBXProject;
			attributes = {
				LastSwiftUpdateCheck = 0830;
				LastUpgradeCheck = 0830;
				ORGANIZATIONNAME = "Cristhian Parrales";
				TargetAttributes = {
					B133C6A21E9946D6007E99A0 = {
						CreatedOnToolsVersion = 8.3;
						DevelopmentTeam = P3PSUS93CS;
						ProvisioningStyle = Automatic;
					};
				};
			};
			buildConfigurationList = B133C69E1E9946D6007E99A0 /* Build configuration list for PBXProject "EjemploCoreData" */;
			compatibilityVersion = "Xcode 3.2";
			developmentRegion = English;
			hasScannedForEncodings = 0;
			knownRegions = (
				en,
				Base,
			);
			mainGroup = B133C69A1E9946D6007E99A0;
			productRefGroup = B133C6A41E9946D6007E99A0 /* Products */;
			projectDirPath = "";
			projectRoot = "";
			targets = (
				B133C6A21E9946D6007E99A0 /* EjemploCoreData */,
			);
		};
/* End PBXProject section */

/* Begin PBXResourcesBuildPhase section */
		B133C6A11E9946D6007E99A0 /* Resources */ = {
			isa = PBXResourcesBuildPhase;
			buildActionMask = 2147483647;
			files = (
				B133C6B41E9946D6007E99A0 /* LaunchScreen.storyboard in Resources */,
				B133C6B11E9946D6007E99A0 /* Assets.xcassets in Resources */,
				B133C6AC1E9946D6007E99A0 /* Main.storyboard in Resources */,
			);
			runOnlyForDeploymentPostprocessing = 0;
		};
/* End PBXResourcesBuildPhase section */

/* Begin PBXSourcesBuildPhase section */
		B133C69F1E9946D6007E99A0 /* Sources */ = {
			isa = PBXSourcesBuildPhase;
			buildActionMask = 2147483647;
			files = (
				B133C6BC1E994BFA007E99A0 /* VistaDetalleViewController.swift in Sources */,
				B133C6A91E9946D6007E99A0 /* ViewController.swift in Sources */,
				B133C6C01E99505E007E99A0 /* Persona+CoreDataProperties.swift in Sources */,
				B133C6AF1E9946D6007E99A0 /* EjemploCoreData.xcdatamodeld in Sources */,
				B133C6BF1E99505E007E99A0 /* Persona+CoreDataClass.swift in Sources */,
				B133C6A71E9946D6007E99A0 /* AppDelegate.swift in Sources */,
			);
			runOnlyForDeploymentPostprocessing = 0;
		};
/* End PBXSourcesBuildPhase section */

/* Begin PBXVariantGroup section */
		B133C6AA1E9946D6007E99A0 /* Main.storyboard */ = {
			isa = PBXVariantGroup;
			children = (
				B133C6AB1E9946D6007E99A0 /* Base */,
			);
			name = Main.storyboard;
			sourceTree = "<group>";
		};
		B133C6B21E9946D6007E99A0 /* LaunchScreen.storyboard */ = {
			isa = PBXVariantGroup;
			children = (
				B133C6B31E9946D6007E99A0 /* Base */,
			);
			name = LaunchScreen.storyboard;
			sourceTree = "<group>";
		};
/* End PBXVariantGroup section */

/* Begin XCBuildConfiguration section */
		B133C6B61E9946D6007E99A0 /* Debug */ = {
			isa = XCBuildConfiguration;
			buildSettings = {
				ALWAYS_SEARCH_USER_PATHS = NO;
				CLANG_ANALYZER_NONNULL = YES;
				CLANG_ANALYZER_NUMBER_OBJECT_CONVERSION = YES_AGGRESSIVE;
				CLANG_CXX_LANGUAGE_STANDARD = "gnu++0x";
				CLANG_CXX_LIBRARY = "libc++";
				CLANG_ENABLE_MODULES = YES;
				CLANG_ENABLE_OBJC_ARC = YES;
				CLANG_WARN_BOOL_CONVERSION = YES;
				CLANG_WARN_CONSTANT_CONVERSION = YES;
				CLANG_WARN_DIRECT_OBJC_ISA_USAGE = YES_ERROR;
				CLANG_WARN_DOCUMENTATION_COMMENTS = YES;
				CLANG_WARN_EMPTY_BODY = YES;
				CLANG_WARN_ENUM_CONVERSION = YES;
				CLANG_WARN_INFINITE_RECURSION = YES;
				CLANG_WARN_INT_CONVERSION = YES;
				CLANG_WARN_OBJC_ROOT_CLASS = YES_ERROR;
				CLANG_WARN_SUSPICIOUS_MOVE = YES;
				CLANG_WARN_UNREACHABLE_CODE = YES;
				CLANG_WARN__DUPLICATE_METHOD_MATCH = YES;
				"CODE_SIGN_IDENTITY[sdk=iphoneos*]" = "iPhone Developer";
				COPY_PHASE_STRIP = NO;
				DEBUG_INFORMATION_FORMAT = dwarf;
				ENABLE_STRICT_OBJC_MSGSEND = YES;
				ENABLE_TESTABILITY = YES;
				GCC_C_LANGUAGE_STANDARD = gnu99;
				GCC_DYNAMIC_NO_PIC = NO;
				GCC_NO_COMMON_BLOCKS = YES;
				GCC_OPTIMIZATION_LEVEL = 0;
				GCC_PREPROCESSOR_DEFINITIONS = (
					"DEBUG=1",
					"$(inherited)",
				);
				GCC_WARN_64_TO_32_BIT_CONVERSION = YES;
				GCC_WARN_ABOUT_RETURN_TYPE = YES_ERROR;
				GCC_WARN_UNDECLARED_SELECTOR = YES;
				GCC_WARN_UNINITIALIZED_AUTOS = YES_AGGRESSIVE;
				GCC_WARN_UNUSED_FUNCTION = YES;
				GCC_WARN_UNUSED_VARIABLE = YES;
				IPHONEOS_DEPLOYMENT_TARGET = 10.3;
				MTL_ENABLE_DEBUG_INFO = YES;
				ONLY_ACTIVE_ARCH = YES;
				SDKROOT = iphoneos;
				SWIFT_ACTIVE_COMPILATION_CONDITIONS = DEBUG;
				SWIFT_OPTIMIZATION_LEVEL = "-Onone";
			};
			name = Debug;
		};
		B133C6B71E9946D6007E99A0 /* Release */ = {
			isa = XCBuildConfiguration;
			buildSettings = {
				ALWAYS_SEARCH_USER_PATHS = NO;
				CLANG_ANALYZER_NONNULL = YES;
				CLANG_ANALYZER_NUMBER_OBJECT_CONVERSION = YES_AGGRESSIVE;
				CLANG_CXX_LANGUAGE_STANDARD = "gnu++0x";
				CLANG_CXX_LIBRARY = "libc++";
				CLANG_ENABLE_MODULES = YES;
				CLANG_ENABLE_OBJC_ARC = YES;
				CLANG_WARN_BOOL_CONVERSION = YES;
				CLANG_WARN_CONSTANT_CONVERSION = YES;
				CLANG_WARN_DIRECT_OBJC_ISA_USAGE = YES_ERROR;
				CLANG_WARN_DOCUMENTATION_COMMENTS = YES;
				CLANG_WARN_EMPTY_BODY = YES;
				CLANG_WARN_ENUM_CONVERSION = YES;
				CLANG_WARN_INFINITE_RECURSION = YES;
				CLANG_WARN_INT_CONVERSION = YES;
				CLANG_WARN_OBJC_ROOT_CLASS = YES_ERROR;
				CLANG_WARN_SUSPICIOUS_MOVE = YES;
				CLANG_WARN_UNREACHABLE_CODE = YES;
				CLANG_WARN__DUPLICATE_METHOD_MATCH = YES;
				"CODE_SIGN_IDENTITY[sdk=iphoneos*]" = "iPhone Developer";
				COPY_PHASE_STRIP = NO;
				DEBUG_INFORMATION_FORMAT = "dwarf-with-dsym";
				ENABLE_NS_ASSERTIONS = NO;
				ENABLE_STRICT_OBJC_MSGSEND = YES;
				GCC_C_LANGUAGE_STANDARD = gnu99;
				GCC_NO_COMMON_BLOCKS = YES;
				GCC_WARN_64_TO_32_BIT_CONVERSION = YES;
				GCC_WARN_ABOUT_RETURN_TYPE = YES_ERROR;
				GCC_WARN_UNDECLARED_SELECTOR = YES;
				GCC_WARN_UNINITIALIZED_AUTOS = YES_AGGRESSIVE;
				GCC_WARN_UNUSED_FUNCTION = YES;
				GCC_WARN_UNUSED_VARIABLE = YES;
				IPHONEOS_DEPLOYMENT_TARGET = 10.3;
				MTL_ENABLE_DEBUG_INFO = NO;
				SDKROOT = iphoneos;
				SWIFT_OPTIMIZATION_LEVEL = "-Owholemodule";
				VALIDATE_PRODUCT = YES;
			};
			name = Release;
		};
		B133C6B91E9946D6007E99A0 /* Debug */ = {
			isa = XCBuildConfiguration;
			buildSettings = {
				ASSETCATALOG_COMPILER_APPICON_NAME = AppIcon;
				DEVELOPMENT_TEAM = P3PSUS93CS;
				INFOPLIST_FILE = EjemploCoreData/Info.plist;
				LD_RUNPATH_SEARCH_PATHS = "$(inherited) @executable_path/Frameworks";
				PRODUCT_BUNDLE_IDENTIFIER = cparrales.EjemploCoreData;
				PRODUCT_NAME = "$(TARGET_NAME)";
				SWIFT_VERSION = 3.0;
			};
			name = Debug;
		};
		B133C6BA1E9946D6007E99A0 /* Release */ = {
			isa = XCBuildConfiguration;
			buildSettings = {
				ASSETCATALOG_COMPILER_APPICON_NAME = AppIcon;
				DEVELOPMENT_TEAM = P3PSUS93CS;
				INFOPLIST_FILE = EjemploCoreData/Info.plist;
				LD_RUNPATH_SEARCH_PATHS = "$(inherited) @executable_path/Frameworks";
				PRODUCT_BUNDLE_IDENTIFIER = cparrales.EjemploCoreData;
				PRODUCT_NAME = "$(TARGET_NAME)";
				SWIFT_VERSION = 3.0;
			};
			name = Release;
		};
/* End XCBuildConfiguration section */

/* Begin XCConfigurationList section */
		B133C69E1E9946D6007E99A0 /* Build configuration list for PBXProject "EjemploCoreData" */ = {
			isa = XCConfigurationList;
			buildConfigurations = (
				B133C6B61E9946D6007E99A0 /* Debug */,
				B133C6B71E9946D6007E99A0 /* Release */,
			);
			defaultConfigurationIsVisible = 0;
			defaultConfigurationName = Release;
		};
		B133C6B81E9946D6007E99A0 /* Build configuration list for PBXNativeTarget "EjemploCoreData" */ = {
			isa = XCConfigurationList;
			buildConfigurations = (
				B133C6B91E9946D6007E99A0 /* Debug */,
				B133C6BA1E9946D6007E99A0 /* Release */,
			);
			defaultConfigurationIsVisible = 0;
		};
/* End XCConfigurationList section */

/* Begin XCVersionGroup section */
		B133C6AD1E9946D6007E99A0 /* EjemploCoreData.xcdatamodeld */ = {
			isa = XCVersionGroup;
			children = (
				B133C6AE1E9946D6007E99A0 /* EjemploCoreData.xcdatamodel */,
			);
			currentVersion = B133C6AE1E9946D6007E99A0 /* EjemploCoreData.xcdatamodel */;
			path = EjemploCoreData.xcdatamodeld;
			sourceTree = "<group>";
			versionGroupType = wrapper.xcdatamodel;
		};
/* End XCVersionGroup section */
	};
	rootObject = B133C69B1E9946D6007E99A0 /* Project object */;
}
